
Microsoft Visual Studio Solution File, Format Version 12.00
Project("{FAE04EC0-301F-11D3-BF4B-00C04F79EFBC}") = "stack-kata", "stack-kata.csproj", "{8FBDAEAD-ACE3-49BB-8F1F-57E14BD0EE89}"
EndProject
Global
	GlobalSection(SolutionConfigurationPlatforms) = preSolution
		Debug|Any CPU = Debug|Any CPU
		Release|Any CPU = Release|Any CPU
	EndGlobalSection
	GlobalSection(ProjectConfigurationPlatforms) = postSolution
		{8FBDAEAD-ACE3-49BB-8F1F-57E14BD0EE89}.Debug|Any CPU.ActiveCfg = Debug|Any CPU
		{8FBDAEAD-ACE3-49BB-8F1F-57E14BD0EE89}.Debug|Any CPU.Build.0 = Debug|Any CPU
		{8FBDAEAD-ACE3-49BB-8F1F-57E14BD0EE89}.Release|Any CPU.ActiveCfg = Release|Any CPU
		{8FBDAEAD-ACE3-49BB-8F1F-57E14BD0EE89}.Release|Any CPU.Build.0 = Release|Any CPU
	EndGlobalSection
EndGlobal
