
Microsoft Visual Studio Solution File, Format Version 12.00
Project("{FAE04EC0-301F-11D3-BF4B-00C04F79EFBC}") = "DIP", "DIP\DIP.csproj", "{2B7B182E-BCA4-4D83-A04C-F2100E142B83}"
EndProject
Project("{FAE04EC0-301F-11D3-BF4B-00C04F79EFBC}") = "DIP.Tests", "DIP.Tests\DIP.Tests.csproj", "{0F753CD1-D4B9-47B3-A6BB-550DBCF468E8}"
EndProject
Project("{2150E333-8FDC-42A3-9474-1A3956D46DE8}") = "Liskov Substitution Principle", "Liskov Substitution Principle", "{AC615E31-D68F-40EB-8657-2D3934273EE5}"
EndProject
Project("{2150E333-8FDC-42A3-9474-1A3956D46DE8}") = "Interface Segregation Principle", "Interface Segregation Principle", "{54D7979D-1EA3-402F-959E-E07F24CA967E}"
EndProject
Project("{FAE04EC0-301F-11D3-BF4B-00C04F79EFBC}") = "ISP.Tests", "ISP.Tests\ISP.Tests.csproj", "{4F8C0DF4-FFD1-48F4-91D9-8BC8D3348B4F}"
EndProject
Project("{2150E333-8FDC-42A3-9474-1A3956D46DE8}") = "Dependency Inversion Principle", "Dependency Inversion Principle", "{D4EA0492-74EE-4AAC-94C1-3555259D6267}"
EndProject
Project("{FAE04EC0-301F-11D3-BF4B-00C04F79EFBC}") = "ISP", "ISP\ISP.csproj", "{EE3CDA96-DF1B-4A53-8997-C66568A02D8A}"
EndProject
Project("{FAE04EC0-301F-11D3-BF4B-00C04F79EFBC}") = "LSP", "LSP\LSP.csproj", "{1A9F729C-56A3-4123-B479-B8E756AE5795}"
EndProject
Project("{FAE04EC0-301F-11D3-BF4B-00C04F79EFBC}") = "LSP.Tests", "LSP.Tests\LSP.Tests.csproj", "{A320FEAA-729D-44F0-A1D7-2C404E14D57D}"
EndProject

Global
	GlobalSection(SolutionConfigurationPlatforms) = preSolution
		Debug|Any CPU = Debug|Any CPU
		Release|Any CPU = Release|Any CPU
	EndGlobalSection
	GlobalSection(ProjectConfigurationPlatforms) = postSolution
		{2B7B182E-BCA4-4D83-A04C-F2100E142B83}.Debug|Any CPU.ActiveCfg = Debug|Any CPU
		{2B7B182E-BCA4-4D83-A04C-F2100E142B83}.Debug|Any CPU.Build.0 = Debug|Any CPU
		{2B7B182E-BCA4-4D83-A04C-F2100E142B83}.Release|Any CPU.ActiveCfg = Release|Any CPU
		{2B7B182E-BCA4-4D83-A04C-F2100E142B83}.Release|Any CPU.Build.0 = Release|Any CPU
		{0F753CD1-D4B9-47B3-A6BB-550DBCF468E8}.Debug|Any CPU.ActiveCfg = Debug|Any CPU
		{0F753CD1-D4B9-47B3-A6BB-550DBCF468E8}.Debug|Any CPU.Build.0 = Debug|Any CPU
		{0F753CD1-D4B9-47B3-A6BB-550DBCF468E8}.Release|Any CPU.ActiveCfg = Release|Any CPU
		{0F753CD1-D4B9-47B3-A6BB-550DBCF468E8}.Release|Any CPU.Build.0 = Release|Any CPU
		{4F8C0DF4-FFD1-48F4-91D9-8BC8D3348B4F}.Debug|Any CPU.ActiveCfg = Debug|Any CPU
		{4F8C0DF4-FFD1-48F4-91D9-8BC8D3348B4F}.Debug|Any CPU.Build.0 = Debug|Any CPU
		{4F8C0DF4-FFD1-48F4-91D9-8BC8D3348B4F}.Release|Any CPU.ActiveCfg = Release|Any CPU
		{4F8C0DF4-FFD1-48F4-91D9-8BC8D3348B4F}.Release|Any CPU.Build.0 = Release|Any CPU
		{EE3CDA96-DF1B-4A53-8997-C66568A02D8A}.Debug|Any CPU.ActiveCfg = Debug|Any CPU
		{EE3CDA96-DF1B-4A53-8997-C66568A02D8A}.Debug|Any CPU.Build.0 = Debug|Any CPU
		{EE3CDA96-DF1B-4A53-8997-C66568A02D8A}.Release|Any CPU.ActiveCfg = Release|Any CPU
		{EE3CDA96-DF1B-4A53-8997-C66568A02D8A}.Release|Any CPU.Build.0 = Release|Any CPU
		{1A9F729C-56A3-4123-B479-B8E756AE5795}.Debug|Any CPU.ActiveCfg = Debug|Any CPU
		{1A9F729C-56A3-4123-B479-B8E756AE5795}.Debug|Any CPU.Build.0 = Debug|Any CPU
		{1A9F729C-56A3-4123-B479-B8E756AE5795}.Release|Any CPU.ActiveCfg = Release|Any CPU
		{1A9F729C-56A3-4123-B479-B8E756AE5795}.Release|Any CPU.Build.0 = Release|Any CPU
		{A320FEAA-729D-44F0-A1D7-2C404E14D57D}.Debug|Any CPU.ActiveCfg = Debug|Any CPU
		{A320FEAA-729D-44F0-A1D7-2C404E14D57D}.Debug|Any CPU.Build.0 = Debug|Any CPU
		{A320FEAA-729D-44F0-A1D7-2C404E14D57D}.Release|Any CPU.ActiveCfg = Release|Any CPU
		{A320FEAA-729D-44F0-A1D7-2C404E14D57D}.Release|Any CPU.Build.0 = Release|Any CPU
	EndGlobalSection
	GlobalSection(NestedProjects) = preSolution
		{2B7B182E-BCA4-4D83-A04C-F2100E142B83} = {D4EA0492-74EE-4AAC-94C1-3555259D6267}
		{0F753CD1-D4B9-47B3-A6BB-550DBCF468E8} = {D4EA0492-74EE-4AAC-94C1-3555259D6267}
		{4F8C0DF4-FFD1-48F4-91D9-8BC8D3348B4F} = {54D7979D-1EA3-402F-959E-E07F24CA967E}
		{EE3CDA96-DF1B-4A53-8997-C66568A02D8A} = {54D7979D-1EA3-402F-959E-E07F24CA967E}
		{1A9F729C-56A3-4123-B479-B8E756AE5795} = {AC615E31-D68F-40EB-8657-2D3934273EE5}
		{A320FEAA-729D-44F0-A1D7-2C404E14D57D} = {AC615E31-D68F-40EB-8657-2D3934273EE5}
	EndGlobalSection
EndGlobal
